
Microsoft Visual Studio Solution File, Format Version 12.00
# Visual Studio Version 17
VisualStudioVersion = 17.3.32922.545
MinimumVisualStudioVersion = 10.0.40219.1
Project("{FAE04EC0-301F-11D3-BF4B-00C04F79EFBC}") = "Lab_4_2", "Lab_4_2.csproj", "{749A3472-9812-4604-92E4-73263A54B025}"
EndProject
Global
	GlobalSection(SolutionConfigurationPlatforms) = preSolution
		Debug|Any CPU = Debug|Any CPU
		Debug|x64 = Debug|x64
		Release|Any CPU = Release|Any CPU
		Release|x64 = Release|x64
	EndGlobalSection
	GlobalSection(ProjectConfigurationPlatforms) = postSolution
		{749A3472-9812-4604-92E4-73263A54B025}.Debug|Any CPU.ActiveCfg = Debug|x64
		{749A3472-9812-4604-92E4-73263A54B025}.Debug|Any CPU.Build.0 = Debug|x64
		{749A3472-9812-4604-92E4-73263A54B025}.Debug|x64.ActiveCfg = Debug|x64
		{749A3472-9812-4604-92E4-73263A54B025}.Debug|x64.Build.0 = Debug|x64
		{749A3472-9812-4604-92E4-73263A54B025}.Release|Any CPU.ActiveCfg = Release|Any CPU
		{749A3472-9812-4604-92E4-73263A54B025}.Release|Any CPU.Build.0 = Release|Any CPU
		{749A3472-9812-4604-92E4-73263A54B025}.Release|x64.ActiveCfg = Release|x64
		{749A3472-9812-4604-92E4-73263A54B025}.Release|x64.Build.0 = Release|x64
	EndGlobalSection
	GlobalSection(SolutionProperties) = preSolution
		HideSolutionNode = FALSE
	EndGlobalSection
	GlobalSection(ExtensibilityGlobals) = postSolution
		SolutionGuid = {BDCAA646-6E01-45EA-939A-14C62132004C}
	EndGlobalSection
EndGlobal
